{
  "requires": true,
  "lockfileVersion": 1,
  "dependencies": {
    "@angular/core": {
      "version": "12.0.5",
      "resolved": "https://registry.npmjs.org/@angular/core/-/core-12.0.5.tgz",
      "integrity": "sha512-uVYsZa1VqVw8vNcjUYgfjXBc1M3WaxLXoLnCsDvutJiln4csa8Yw8p7RqQSrZ6AgQ8o2LHD2JJ5kus3EDMwfcA==",
      "requires": {
        "tslib": "^2.1.0"
      }
    },
    "tslib": {
      "version": "2.3.0",
      "resolved": "https://registry.npmjs.org/tslib/-/tslib-2.3.0.tgz",
      "integrity": "sha512-N82ooyxVNm6h1riLCoyS9e3fuJ3AMG2zIZs2Gd1ATcSFjSA23Q0fzjjZeh0jbJvWVDZ0cJT8yaNNaaXHzueNjg=="
    }
  }
}
